
Microsoft Visual Studio Solution File, Format Version 12.00
# Visual Studio Version 16
VisualStudioVersion = 16.0.31424.327
MinimumVisualStudioVersion = 10.0.40219.1
Project("{FAE04EC0-301F-11D3-BF4B-00C04F79EFBC}") = "UserMaintanence", "UserMaintanence\UserMaintanence.csproj", "{FA98C750-86A0-47BE-9A96-5D4D5CB7B280}"
EndProject
Global
	GlobalSection(SolutionConfigurationPlatforms) = preSolution
		Debug|Any CPU = Debug|Any CPU
		Release|Any CPU = Release|Any CPU
	EndGlobalSection
	GlobalSection(ProjectConfigurationPlatforms) = postSolution
		{FA98C750-86A0-47BE-9A96-5D4D5CB7B280}.Debug|Any CPU.ActiveCfg = Debug|Any CPU
		{FA98C750-86A0-47BE-9A96-5D4D5CB7B280}.Debug|Any CPU.Build.0 = Debug|Any CPU
		{FA98C750-86A0-47BE-9A96-5D4D5CB7B280}.Release|Any CPU.ActiveCfg = Release|Any CPU
		{FA98C750-86A0-47BE-9A96-5D4D5CB7B280}.Release|Any CPU.Build.0 = Release|Any CPU
	EndGlobalSection
	GlobalSection(SolutionProperties) = preSolution
		HideSolutionNode = FALSE
	EndGlobalSection
	GlobalSection(ExtensibilityGlobals) = postSolution
		SolutionGuid = {19042277-43C2-4290-9994-25EB525402FD}
	EndGlobalSection
EndGlobal
